{
  "object": {
    "pins": [
      {
        "package": "RealmDatabase",
        "repositoryURL": "https://github.com/realm/realm-core.git",
        "state": {
          "branch": null,
          "revision": "cccb3ca9e26ec452a29f2f0d4050d1e38b8a3d43",
          "version": "14.14.0"
        }
      },
      {
        "package": "Realm",
        "repositoryURL": "https://github.com/realm/realm-swift",
        "state": {
          "branch": null,
          "revision": "d94d44781167fbb8d7a46fb181e784a6446ca5c1",
          "version": "10.54.4"
        }
      }
    ]
  },
  "version": 1
}
